
Microsoft Visual Studio Solution File, Format Version 12.00
# Visual Studio Version 17
VisualStudioVersion = 17.9.34714.143
MinimumVisualStudioVersion = 10.0.40219.1
Project("{9A19103F-16F7-4668-BE54-9A1E7A4F7556}") = "WebApiDemo", "WebApiDemo\WebApiDemo.csproj", "{CD21491A-C9FC-4E70-A34D-F5B9220FB911}"
EndProject
Project("{9A19103F-16F7-4668-BE54-9A1E7A4F7556}") = "ConsoleDemo", "ConsoleDemo\ConsoleDemo.csproj", "{3FBBB7F4-7DF8-4B30-970F-D79753A3D20C}"
EndProject
Project("{9A19103F-16F7-4668-BE54-9A1E7A4F7556}") = "MauiAppDemo", "MauiAppDemo\MauiAppDemo.csproj", "{643B3632-9190-4DAF-AB10-3210CDC16A23}"
EndProject
Project("{9A19103F-16F7-4668-BE54-9A1E7A4F7556}") = "DataSyncLibrary", "DataSyncLibrary\DataSyncLibrary.csproj", "{C7B3A03D-1445-4B6E-8ACC-D166E018E428}"
EndProject
Global
	GlobalSection(SolutionConfigurationPlatforms) = preSolution
		Debug|Any CPU = Debug|Any CPU
		Release|Any CPU = Release|Any CPU
	EndGlobalSection
	GlobalSection(ProjectConfigurationPlatforms) = postSolution
		{CD21491A-C9FC-4E70-A34D-F5B9220FB911}.Debug|Any CPU.ActiveCfg = Debug|Any CPU
		{CD21491A-C9FC-4E70-A34D-F5B9220FB911}.Debug|Any CPU.Build.0 = Debug|Any CPU
		{CD21491A-C9FC-4E70-A34D-F5B9220FB911}.Release|Any CPU.ActiveCfg = Release|Any CPU
		{CD21491A-C9FC-4E70-A34D-F5B9220FB911}.Release|Any CPU.Build.0 = Release|Any CPU
		{3FBBB7F4-7DF8-4B30-970F-D79753A3D20C}.Debug|Any CPU.ActiveCfg = Debug|Any CPU
		{3FBBB7F4-7DF8-4B30-970F-D79753A3D20C}.Debug|Any CPU.Build.0 = Debug|Any CPU
		{3FBBB7F4-7DF8-4B30-970F-D79753A3D20C}.Release|Any CPU.ActiveCfg = Release|Any CPU
		{3FBBB7F4-7DF8-4B30-970F-D79753A3D20C}.Release|Any CPU.Build.0 = Release|Any CPU
		{643B3632-9190-4DAF-AB10-3210CDC16A23}.Debug|Any CPU.ActiveCfg = Debug|Any CPU
		{643B3632-9190-4DAF-AB10-3210CDC16A23}.Debug|Any CPU.Build.0 = Debug|Any CPU
		{643B3632-9190-4DAF-AB10-3210CDC16A23}.Debug|Any CPU.Deploy.0 = Debug|Any CPU
		{643B3632-9190-4DAF-AB10-3210CDC16A23}.Release|Any CPU.ActiveCfg = Release|Any CPU
		{643B3632-9190-4DAF-AB10-3210CDC16A23}.Release|Any CPU.Build.0 = Release|Any CPU
		{643B3632-9190-4DAF-AB10-3210CDC16A23}.Release|Any CPU.Deploy.0 = Release|Any CPU
		{C7B3A03D-1445-4B6E-8ACC-D166E018E428}.Debug|Any CPU.ActiveCfg = Debug|Any CPU
		{C7B3A03D-1445-4B6E-8ACC-D166E018E428}.Debug|Any CPU.Build.0 = Debug|Any CPU
		{C7B3A03D-1445-4B6E-8ACC-D166E018E428}.Release|Any CPU.ActiveCfg = Release|Any CPU
		{C7B3A03D-1445-4B6E-8ACC-D166E018E428}.Release|Any CPU.Build.0 = Release|Any CPU
	EndGlobalSection
	GlobalSection(SolutionProperties) = preSolution
		HideSolutionNode = FALSE
	EndGlobalSection
	GlobalSection(ExtensibilityGlobals) = postSolution
		SolutionGuid = {92BEE519-3314-4343-B690-F26B183DFC91}
	EndGlobalSection
EndGlobal
